Microsoft Visual Studio Solution File, Format Version 12.00
# Visual Studio Version 17
VisualStudioVersion = 17.5.2.0
MinimumVisualStudioVersion = 10.0.40219.1
Project("{2150E333-8FDC-42A3-9474-1A3956D46DE8}") = "src", "src", "{827E0CD3-B72D-47B6-A68D-7590B98EB39B}"
EndProject
Project("{FAE04EC0-301F-11D3-BF4B-00C04F79EFBC}") = "BankApi.Api", "src\BankApi.Api\BankApi.Api.csproj", "{DB90290B-909C-83B2-84DC-A8910822A1B8}"
EndProject
Project("{FAE04EC0-301F-11D3-BF4B-00C04F79EFBC}") = "BankApi.Application", "src\BankApi.Application\BankApi.Application.csproj", "{F42170DC-882D-A7D1-359F-8FA945D87213}"
EndProject
Project("{FAE04EC0-301F-11D3-BF4B-00C04F79EFBC}") = "BankApi.Domain", "src\BankApi.Domain\BankApi.Domain.csproj", "{7B77D0D1-63DD-BAAA-A1A3-DD15F9970301}"
EndProject
Project("{FAE04EC0-301F-11D3-BF4B-00C04F79EFBC}") = "BankApi.Infrastructure", "src\BankApi.Infrastructure\BankApi.Infrastructure.csproj", "{240517E3-36AF-6B75-BEBE-9646C8A65F67}"
EndProject
Global
	GlobalSection(SolutionConfigurationPlatforms) = preSolution
		Debug|Any CPU = Debug|Any CPU
		Release|Any CPU = Release|Any CPU
	EndGlobalSection
	GlobalSection(ProjectConfigurationPlatforms) = postSolution
		{DB90290B-909C-83B2-84DC-A8910822A1B8}.Debug|Any CPU.ActiveCfg = Debug|Any CPU
		{DB90290B-909C-83B2-84DC-A8910822A1B8}.Debug|Any CPU.Build.0 = Debug|Any CPU
		{DB90290B-909C-83B2-84DC-A8910822A1B8}.Release|Any CPU.ActiveCfg = Release|Any CPU
		{DB90290B-909C-83B2-84DC-A8910822A1B8}.Release|Any CPU.Build.0 = Release|Any CPU
		{F42170DC-882D-A7D1-359F-8FA945D87213}.Debug|Any CPU.ActiveCfg = Debug|Any CPU
		{F42170DC-882D-A7D1-359F-8FA945D87213}.Debug|Any CPU.Build.0 = Debug|Any CPU
		{F42170DC-882D-A7D1-359F-8FA945D87213}.Release|Any CPU.ActiveCfg = Release|Any CPU
		{F42170DC-882D-A7D1-359F-8FA945D87213}.Release|Any CPU.Build.0 = Release|Any CPU
		{7B77D0D1-63DD-BAAA-A1A3-DD15F9970301}.Debug|Any CPU.ActiveCfg = Debug|Any CPU
		{7B77D0D1-63DD-BAAA-A1A3-DD15F9970301}.Debug|Any CPU.Build.0 = Debug|Any CPU
		{7B77D0D1-63DD-BAAA-A1A3-DD15F9970301}.Release|Any CPU.ActiveCfg = Release|Any CPU
		{7B77D0D1-63DD-BAAA-A1A3-DD15F9970301}.Release|Any CPU.Build.0 = Release|Any CPU
		{240517E3-36AF-6B75-BEBE-9646C8A65F67}.Debug|Any CPU.ActiveCfg = Debug|Any CPU
		{240517E3-36AF-6B75-BEBE-9646C8A65F67}.Debug|Any CPU.Build.0 = Debug|Any CPU
		{240517E3-36AF-6B75-BEBE-9646C8A65F67}.Release|Any CPU.ActiveCfg = Release|Any CPU
		{240517E3-36AF-6B75-BEBE-9646C8A65F67}.Release|Any CPU.Build.0 = Release|Any CPU
	EndGlobalSection
	GlobalSection(SolutionProperties) = preSolution
		HideSolutionNode = FALSE
	EndGlobalSection
	GlobalSection(NestedProjects) = preSolution
		{DB90290B-909C-83B2-84DC-A8910822A1B8} = {827E0CD3-B72D-47B6-A68D-7590B98EB39B}
		{F42170DC-882D-A7D1-359F-8FA945D87213} = {827E0CD3-B72D-47B6-A68D-7590B98EB39B}
		{7B77D0D1-63DD-BAAA-A1A3-DD15F9970301} = {827E0CD3-B72D-47B6-A68D-7590B98EB39B}
		{240517E3-36AF-6B75-BEBE-9646C8A65F67} = {827E0CD3-B72D-47B6-A68D-7590B98EB39B}
	EndGlobalSection
	GlobalSection(ExtensibilityGlobals) = postSolution
		SolutionGuid = {C064A231-769F-4751-9BE6-F03E2B3B6B3B}
	EndGlobalSection
EndGlobal
